
Microsoft Visual Studio Solution File, Format Version 12.00
# Visual Studio Version 16
VisualStudioVersion = 16.0.31702.278
MinimumVisualStudioVersion = 10.0.40219.1
Project("{9A19103F-16F7-4668-BE54-9A1E7A4F7556}") = "DuckDuckGoAPIProxy", "DuckDuckGoProxy\DuckDuckGoAPIProxy.csproj", "{2F29C468-297E-4EAC-98A2-ED325AE20E31}"
EndProject
Project("{9A19103F-16F7-4668-BE54-9A1E7A4F7556}") = "DuckDuckGoAPI.Application", "DuckDuckGo.Application\DuckDuckGoAPI.Application.csproj", "{EF0257EC-491E-45D8-9DE2-208108E93F54}"
EndProject
Project("{9A19103F-16F7-4668-BE54-9A1E7A4F7556}") = "DuckDuckGo.Infrastructure", "DuckDuckGo.Infrastructure\DuckDuckGo.Infrastructure.csproj", "{280D44E6-7BCC-4B99-BF1C-FA91087BAA10}"
EndProject
Global
	GlobalSection(SolutionConfigurationPlatforms) = preSolution
		Debug|Any CPU = Debug|Any CPU
		Release|Any CPU = Release|Any CPU
	EndGlobalSection
	GlobalSection(ProjectConfigurationPlatforms) = postSolution
		{2F29C468-297E-4EAC-98A2-ED325AE20E31}.Debug|Any CPU.ActiveCfg = Debug|Any CPU
		{2F29C468-297E-4EAC-98A2-ED325AE20E31}.Debug|Any CPU.Build.0 = Debug|Any CPU
		{2F29C468-297E-4EAC-98A2-ED325AE20E31}.Release|Any CPU.ActiveCfg = Release|Any CPU
		{2F29C468-297E-4EAC-98A2-ED325AE20E31}.Release|Any CPU.Build.0 = Release|Any CPU
		{EF0257EC-491E-45D8-9DE2-208108E93F54}.Debug|Any CPU.ActiveCfg = Debug|Any CPU
		{EF0257EC-491E-45D8-9DE2-208108E93F54}.Debug|Any CPU.Build.0 = Debug|Any CPU
		{EF0257EC-491E-45D8-9DE2-208108E93F54}.Release|Any CPU.ActiveCfg = Release|Any CPU
		{EF0257EC-491E-45D8-9DE2-208108E93F54}.Release|Any CPU.Build.0 = Release|Any CPU
		{280D44E6-7BCC-4B99-BF1C-FA91087BAA10}.Debug|Any CPU.ActiveCfg = Debug|Any CPU
		{280D44E6-7BCC-4B99-BF1C-FA91087BAA10}.Debug|Any CPU.Build.0 = Debug|Any CPU
		{280D44E6-7BCC-4B99-BF1C-FA91087BAA10}.Release|Any CPU.ActiveCfg = Release|Any CPU
		{280D44E6-7BCC-4B99-BF1C-FA91087BAA10}.Release|Any CPU.Build.0 = Release|Any CPU
	EndGlobalSection
	GlobalSection(SolutionProperties) = preSolution
		HideSolutionNode = FALSE
	EndGlobalSection
	GlobalSection(ExtensibilityGlobals) = postSolution
		SolutionGuid = {024E2ED0-0B35-4971-81AC-B29FAF8FD2B9}
	EndGlobalSection
EndGlobal
